dependencies:
  '@nestjs/common': 7.5.1
  '@sebastianspeitel/proxystore': 1.2.8
  '@toes/core': 0.0.5
  dotenv: 8.2.0
  dotenv-expand: 5.1.0
  joi: 17.3.0
  lodash.get: 4.4.2
  lodash.set: 4.3.2
  uuid: 8.3.1
  yaml: 1.10.0
devDependencies:
  '@types/lodash.get': 4.4.6
  '@types/lodash.set': 4.3.6
  '@types/node': 14.14.7
  '@types/uuid': 8.3.0
  typescript: 4.0.5
lockfileVersion: 5.2
packages:
  /@hapi/hoek/9.1.0:
    dev: false
    resolution:
      integrity: sha512-i9YbZPN3QgfighY/1X1Pu118VUz2Fmmhd6b2n0/O8YVgGGfw0FbUYoA97k7FkpGJ+pLCFEDLUmAPPV4D1kpeFw==
  /@hapi/topo/5.0.0:
    dependencies:
      '@hapi/hoek': 9.1.0
    dev: false
    resolution:
      integrity: sha512-tFJlT47db0kMqVm3H4nQYgn6Pwg10GTZHb1pwmSiv1K4ks6drQOtfEF5ZnPjkvC+y4/bUPHK+bc87QvLcL+WMw==
  /@nestjs/common/7.5.1:
    dependencies:
      axios: 0.21.0
      iterare: 1.2.1
      tslib: 2.0.3
      uuid: 8.3.1
    dev: false
    peerDependencies:
      reflect-metadata: ^0.1.12
      rxjs: ^6.0.0
    resolution:
      integrity: sha512-UKTWa/MFTryRm4L9b+lsKFg+m/B4zDCsx/pQAMZVCYMW4FRg6QH4BIaq5fMz5G2hL5IFlFVoOC/eXJwhGDOrYA==
  /@sebastianspeitel/proxystore/1.2.8:
    dev: false
    resolution:
      integrity: sha512-qO82oIAYTORnhDIdETIuxWy+bNYLJwABm3CLlG2SpWDKy/73ifkAqJG/ObOw+HhvNSJqM1wg4SNZRA2/ryfVxA==
  /@sideway/address/4.1.0:
    dependencies:
      '@hapi/hoek': 9.1.0
    dev: false
    resolution:
      integrity: sha512-wAH/JYRXeIFQRsxerIuLjgUu2Xszam+O5xKeatJ4oudShOOirfmsQ1D6LL54XOU2tizpCYku+s1wmU0SYdpoSA==
  /@sideway/formula/3.0.0:
    dev: false
    resolution:
      integrity: sha512-vHe7wZ4NOXVfkoRb8T5otiENVlT7a3IAiw7H5M2+GO+9CDgcVUUsX1zalAztCmwyOr2RUTGJdgB+ZvSVqmdHmg==
  /@sideway/pinpoint/2.0.0:
    dev: false
    resolution:
      integrity: sha512-RNiOoTPkptFtSVzQevY/yWtZwf/RxyVnPy/OcA9HBM3MlGDnBEYL5B41H0MTn0Uec8Hi+2qUtTfG2WWZBmMejQ==
  /@toes/core/0.0.5:
    dependencies:
      date-fns: 2.16.1
      rotating-file-stream: 2.1.3
      treeify: 1.1.0
      ts-log: 2.2.3
    dev: false
    engines:
      node: '>=12.0.0'
    resolution:
      integrity: sha512-1XF1SHx07CLJBEgqaHQtpXdQKuot5wl49pM8jYo8daIDt1B+4JSD3OJeq0MF6VdMcxWBR6waPIRIsBZX+Iikeg==
  /@types/lodash.get/4.4.6:
    dependencies:
      '@types/lodash': 4.14.165
    dev: true
    resolution:
      integrity: sha512-E6zzjR3GtNig8UJG/yodBeJeIOtgPkMgsLjDU3CbgCAPC++vJ0eCMnJhVpRZb/ENqEFlov1+3K9TKtY4UdWKtQ==
  /@types/lodash.set/4.3.6:
    dependencies:
      '@types/lodash': 4.14.165
    dev: true
    resolution:
      integrity: sha512-ZeGDDlnRYTvS31Laij0RsSaguIUSBTYIlJFKL3vm3T2OAZAQj2YpSvVWJc0WiG4jqg9fGX6PAPGvDqBcHfSgFg==
  /@types/lodash/4.14.165:
    dev: true
    resolution:
      integrity: sha512-tjSSOTHhI5mCHTy/OOXYIhi2Wt1qcbHmuXD1Ha7q70CgI/I71afO4XtLb/cVexki1oVYchpul/TOuu3Arcdxrg==
  /@types/node/14.14.7:
    dev: true
    resolution:
      integrity: sha512-Zw1vhUSQZYw+7u5dAwNbIA9TuTotpzY/OF7sJM9FqPOF3SPjKnxrjoTktXDZgUjybf4cWVBP7O8wvKdSaGHweg==
  /@types/uuid/8.3.0:
    dev: true
    resolution:
      integrity: sha512-eQ9qFW/fhfGJF8WKHGEHZEyVWfZxrT+6CLIJGBcZPfxUh/+BnEj+UCGYMlr9qZuX/2AltsvwrGqp0LhEW8D0zQ==
  /axios/0.21.0:
    dependencies:
      follow-redirects: 1.13.0
    dev: false
    resolution:
      integrity: sha512-fmkJBknJKoZwem3/IKSSLpkdNXZeBu5Q7GA/aRsr2btgrptmSCxi2oFjZHqGdK9DoTil9PIHlPIZw2EcRJXRvw==
  /date-fns/2.16.1:
    dev: false
    engines:
      node: '>=0.11'
    resolution:
      integrity: sha512-sAJVKx/FqrLYHAQeN7VpJrPhagZc9R4ImZIWYRFZaaohR3KzmuK88touwsSwSVT8Qcbd4zoDsnGfX4GFB4imyQ==
  /dotenv-expand/5.1.0:
    dev: false
    resolution:
      integrity: sha512-YXQl1DSa4/PQyRfgrv6aoNjhasp/p4qs9FjJ4q4cQk+8m4r6k4ZSiEyytKG8f8W9gi8WsQtIObNmKd+tMzNTmA==
  /dotenv/8.2.0:
    dev: false
    engines:
      node: '>=8'
    resolution:
      integrity: sha512-8sJ78ElpbDJBHNeBzUbUVLsqKdccaa/BXF1uPTw3GrvQTBgrQrtObr2mUrE38vzYd8cEv+m/JBfDLioYcfXoaw==
  /follow-redirects/1.13.0:
    dev: false
    engines:
      node: '>=4.0'
    resolution:
      integrity: sha512-aq6gF1BEKje4a9i9+5jimNFIpq4Q1WiwBToeRK5NvZBd/TRsmW8BsJfOEGkr76TbOyPVD3OVDN910EcUNtRYEA==
  /iterare/1.2.1:
    dev: false
    engines:
      node: '>=6'
    resolution:
      integrity: sha512-RKYVTCjAnRthyJes037NX/IiqeidgN1xc3j1RjFfECFp28A1GVwK9nA+i0rJPaHqSZwygLzRnFlzUuHFoWWy+Q==
  /joi/17.3.0:
    dependencies:
      '@hapi/hoek': 9.1.0
      '@hapi/topo': 5.0.0
      '@sideway/address': 4.1.0
      '@sideway/formula': 3.0.0
      '@sideway/pinpoint': 2.0.0
    dev: false
    resolution:
      integrity: sha512-Qh5gdU6niuYbUIUV5ejbsMiiFmBdw8Kcp8Buj2JntszCkCfxJ9Cz76OtHxOZMPXrt5810iDIXs+n1nNVoquHgg==
  /lodash.get/4.4.2:
    dev: false
    resolution:
      integrity: sha1-LRd/ZS+jHpObRDjVNBSZ36OCXpk=
  /lodash.set/4.3.2:
    dev: false
    resolution:
      integrity: sha1-2HV7HagH3eJIFrDWqEvqGnYjCyM=
  /rotating-file-stream/2.1.3:
    dev: false
    engines:
      node: '>=10.0'
    resolution:
      integrity: sha512-zZ4Tkngxispo7DgiTqX0s4ChLtM3qET6iYsDA9tmgDEqJ3BFgRq/ZotsKEDAYQt9pAn9JwwqT27CSwQt3CTxNg==
  /treeify/1.1.0:
    dev: false
    engines:
      node: '>=0.6'
    resolution:
      integrity: sha512-1m4RA7xVAJrSGrrXGs0L3YTwyvBs2S8PbRHaLZAkFw7JR8oIFwYtysxlBZhYIa7xSyiYJKZ3iGrrk55cGA3i9A==
  /ts-log/2.2.3:
    dev: false
    resolution:
      integrity: sha512-XvB+OdKSJ708Dmf9ore4Uf/q62AYDTzFcAdxc8KNML1mmAWywRFVt/dn1KYJH8Agt5UJNujfM3znU5PxgAzA2w==
  /tslib/2.0.3:
    dev: false
    resolution:
      integrity: sha512-uZtkfKblCEQtZKBF6EBXVZeQNl82yqtDQdv+eck8u7tdPxjLu2/lp5/uPW+um2tpuxINHWy3GhiccY7QgEaVHQ==
  /typescript/4.0.5:
    dev: true
    engines:
      node: '>=4.2.0'
    hasBin: true
    resolution:
      integrity: sha512-ywmr/VrTVCmNTJ6iV2LwIrfG1P+lv6luD8sUJs+2eI9NLGigaN+nUQc13iHqisq7bra9lnmUSYqbJvegraBOPQ==
  /uuid/8.3.1:
    dev: false
    hasBin: true
    resolution:
      integrity: sha512-FOmRr+FmWEIG8uhZv6C2bTgEVXsHk08kE7mPlrBbEe+c3r9pjceVPgupIfNIhc4yx55H69OXANrUaSuu9eInKg==
  /yaml/1.10.0:
    dev: false
    engines:
      node: '>= 6'
    resolution:
      integrity: sha512-yr2icI4glYaNG+KWONODapy2/jDdMSDnrONSjblABjD9B4Z5LgiircSt8m8sRZFNi08kG9Sm0uSHtEmP3zaEGg==
specifiers:
  '@nestjs/common': 7.5.1
  '@sebastianspeitel/proxystore': 1.2.8
  '@toes/core': dev
  '@types/lodash.get': ^4.4.6
  '@types/lodash.set': ^4.3.6
  '@types/node': ^14.14.7
  '@types/uuid': 8.3.0
  dotenv: 8.2.0
  dotenv-expand: 5.1.0
  joi: 17.3.0
  lodash.get: 4.4.2
  lodash.set: 4.3.2
  typescript: ^4.0.5
  uuid: 8.3.1
  yaml: ^1.10.0
